
Microsoft Visual Studio Solution File, Format Version 12.00
# Visual Studio Version 17
VisualStudioVersion = 17.5.33414.496
MinimumVisualStudioVersion = 10.0.40219.1
Project("{9A19103F-16F7-4668-BE54-9A1E7A4F7556}") = "Notes", "Notes\Notes.csproj", "{21D689DA-B451-4CF5-AEC1-66406F91E4FC}"
EndProject
Project("{FAE04EC0-301F-11D3-BF4B-00C04F79EFBC}") = "BlazorHybridApp", "BlazorHybridApp\BlazorHybridApp.csproj", "{AF5015A5-A0F5-4DA0-A7FB-16402D9D3250}"
EndProject
Global
	GlobalSection(SolutionConfigurationPlatforms) = preSolution
		Debug|Any CPU = Debug|Any CPU
		Release|Any CPU = Release|Any CPU
	EndGlobalSection
	GlobalSection(ProjectConfigurationPlatforms) = postSolution
		{21D689DA-B451-4CF5-AEC1-66406F91E4FC}.Debug|Any CPU.ActiveCfg = Debug|Any CPU
		{21D689DA-B451-4CF5-AEC1-66406F91E4FC}.Debug|Any CPU.Build.0 = Debug|Any CPU
		{21D689DA-B451-4CF5-AEC1-66406F91E4FC}.Debug|Any CPU.Deploy.0 = Debug|Any CPU
		{21D689DA-B451-4CF5-AEC1-66406F91E4FC}.Release|Any CPU.ActiveCfg = Release|Any CPU
		{21D689DA-B451-4CF5-AEC1-66406F91E4FC}.Release|Any CPU.Build.0 = Release|Any CPU
		{21D689DA-B451-4CF5-AEC1-66406F91E4FC}.Release|Any CPU.Deploy.0 = Release|Any CPU
		{AF5015A5-A0F5-4DA0-A7FB-16402D9D3250}.Debug|Any CPU.ActiveCfg = Debug|Any CPU
		{AF5015A5-A0F5-4DA0-A7FB-16402D9D3250}.Debug|Any CPU.Build.0 = Debug|Any CPU
		{AF5015A5-A0F5-4DA0-A7FB-16402D9D3250}.Debug|Any CPU.Deploy.0 = Debug|Any CPU
		{AF5015A5-A0F5-4DA0-A7FB-16402D9D3250}.Release|Any CPU.ActiveCfg = Release|Any CPU
		{AF5015A5-A0F5-4DA0-A7FB-16402D9D3250}.Release|Any CPU.Build.0 = Release|Any CPU
		{AF5015A5-A0F5-4DA0-A7FB-16402D9D3250}.Release|Any CPU.Deploy.0 = Release|Any CPU
	EndGlobalSection
	GlobalSection(SolutionProperties) = preSolution
		HideSolutionNode = FALSE
	EndGlobalSection
	GlobalSection(ExtensibilityGlobals) = postSolution
		SolutionGuid = {30B710A3-5296-4BE6-9DC1-CBA27B9FEB68}
	EndGlobalSection
EndGlobal
