
Microsoft Visual Studio Solution File, Format Version 12.00
# Visual Studio Version 17
VisualStudioVersion = 17.0.31611.283
MinimumVisualStudioVersion = 10.0.40219.1
Project("{9A19103F-16F7-4668-BE54-9A1E7A4F7556}") = "NewsAppMaui", "NewsAppMaui.csproj", "{F74B4612-F340-4C5B-81F0-DDC1454279A8}"
EndProject
Project("{9A19103F-16F7-4668-BE54-9A1E7A4F7556}") = "NewsApiTest", "..\NewsApiTest\NewsApiTest.csproj", "{B39113B2-313E-4B66-A0D0-0854ED80CCA2}"
EndProject
Project("{9A19103F-16F7-4668-BE54-9A1E7A4F7556}") = "BookFinder", "..\BookFinder\BookFinder.csproj", "{2EA92677-AF83-4C3A-89FD-22B12ACAE4D8}"
EndProject
Project("{FAE04EC0-301F-11D3-BF4B-00C04F79EFBC}") = "WeatherApp", "..\WeatherApp\WeatherApp.csproj", "{1C3ABDB3-A21B-4A2D-8E79-82B59895DC37}"
EndProject
Global
	GlobalSection(SolutionConfigurationPlatforms) = preSolution
		Debug|Any CPU = Debug|Any CPU
		Release|Any CPU = Release|Any CPU
	EndGlobalSection
	GlobalSection(ProjectConfigurationPlatforms) = postSolution
		{F74B4612-F340-4C5B-81F0-DDC1454279A8}.Debug|Any CPU.ActiveCfg = Debug|Any CPU
		{F74B4612-F340-4C5B-81F0-DDC1454279A8}.Debug|Any CPU.Build.0 = Debug|Any CPU
		{F74B4612-F340-4C5B-81F0-DDC1454279A8}.Debug|Any CPU.Deploy.0 = Debug|Any CPU
		{F74B4612-F340-4C5B-81F0-DDC1454279A8}.Release|Any CPU.ActiveCfg = Release|Any CPU
		{F74B4612-F340-4C5B-81F0-DDC1454279A8}.Release|Any CPU.Build.0 = Release|Any CPU
		{F74B4612-F340-4C5B-81F0-DDC1454279A8}.Release|Any CPU.Deploy.0 = Release|Any CPU
		{B39113B2-313E-4B66-A0D0-0854ED80CCA2}.Debug|Any CPU.ActiveCfg = Debug|Any CPU
		{B39113B2-313E-4B66-A0D0-0854ED80CCA2}.Debug|Any CPU.Build.0 = Debug|Any CPU
		{B39113B2-313E-4B66-A0D0-0854ED80CCA2}.Release|Any CPU.ActiveCfg = Release|Any CPU
		{B39113B2-313E-4B66-A0D0-0854ED80CCA2}.Release|Any CPU.Build.0 = Release|Any CPU
		{2EA92677-AF83-4C3A-89FD-22B12ACAE4D8}.Debug|Any CPU.ActiveCfg = Debug|Any CPU
		{2EA92677-AF83-4C3A-89FD-22B12ACAE4D8}.Debug|Any CPU.Build.0 = Debug|Any CPU
		{2EA92677-AF83-4C3A-89FD-22B12ACAE4D8}.Debug|Any CPU.Deploy.0 = Debug|Any CPU
		{2EA92677-AF83-4C3A-89FD-22B12ACAE4D8}.Release|Any CPU.ActiveCfg = Release|Any CPU
		{2EA92677-AF83-4C3A-89FD-22B12ACAE4D8}.Release|Any CPU.Build.0 = Release|Any CPU
		{2EA92677-AF83-4C3A-89FD-22B12ACAE4D8}.Release|Any CPU.Deploy.0 = Release|Any CPU
		{1C3ABDB3-A21B-4A2D-8E79-82B59895DC37}.Debug|Any CPU.ActiveCfg = Debug|Any CPU
		{1C3ABDB3-A21B-4A2D-8E79-82B59895DC37}.Debug|Any CPU.Build.0 = Debug|Any CPU
		{1C3ABDB3-A21B-4A2D-8E79-82B59895DC37}.Debug|Any CPU.Deploy.0 = Debug|Any CPU
		{1C3ABDB3-A21B-4A2D-8E79-82B59895DC37}.Release|Any CPU.ActiveCfg = Release|Any CPU
		{1C3ABDB3-A21B-4A2D-8E79-82B59895DC37}.Release|Any CPU.Build.0 = Release|Any CPU
		{1C3ABDB3-A21B-4A2D-8E79-82B59895DC37}.Release|Any CPU.Deploy.0 = Release|Any CPU
	EndGlobalSection
	GlobalSection(SolutionProperties) = preSolution
		HideSolutionNode = FALSE
	EndGlobalSection
	GlobalSection(ExtensibilityGlobals) = postSolution
		SolutionGuid = {61F7FB11-1E47-470C-91E2-47F8143E1572}
	EndGlobalSection
EndGlobal
